<?xml version="1.0" encoding="utf-8"?>
<Project ToolsVersion="4.0" xmlns="http://schemas.microsoft.com/developer/msbuild/2003">
  <ItemGroup>
    <Filter Include="GameSystem">
      <UniqueIdentifier>{5e32d4b8-ccf1-47f5-b933-b37e9971feb1}</UniqueIdentifier>
    </Filter>
    <Filter Include="GameSystem\Window">
      <UniqueIdentifier>{149fcd85-85c3-4248-a4bb-e57f3c4a0099}</UniqueIdentifier>
    </Filter>
    <Filter Include="GameSystem\Library">
      <UniqueIdentifier>{ec3d4813-de19-45ba-bec6-753d6730e484}</UniqueIdentifier>
    </Filter>
    <Filter Include="GameSystem\Execution">
      <UniqueIdentifier>{c75e7852-1316-4e32-b2e5-6e8ba7ce87c8}</UniqueIdentifier>
    </Filter>
    <Filter Include="Scene">
      <UniqueIdentifier>{5260ea1e-6acd-4989-b773-60d2e240f970}</UniqueIdentifier>
    </Filter>
    <Filter Include="Scene\SceneBase">
      <UniqueIdentifier>{1b89bd47-3bc0-410d-84d2-da21b2457642}</UniqueIdentifier>
    </Filter>
    <Filter Include="Scene\SceneManager">
      <UniqueIdentifier>{07d63a98-42a2-4b2a-bab6-8904a4af3aef}</UniqueIdentifier>
    </Filter>
    <Filter Include="Scene\Title">
      <UniqueIdentifier>{f9c62202-2406-4061-9420-3b793822213e}</UniqueIdentifier>
    </Filter>
    <Filter Include="GameSystem\FrameRate">
      <UniqueIdentifier>{d707a9e2-e342-498c-81b7-574e2a21601d}</UniqueIdentifier>
    </Filter>
    <Filter Include="Object">
      <UniqueIdentifier>{df455804-912a-4ee0-b43c-5e1fe0f3bd14}</UniqueIdentifier>
    </Filter>
    <Filter Include="Object\GameObject">
      <UniqueIdentifier>{73f077c3-5be1-4b73-94f6-ab3d970ae24d}</UniqueIdentifier>
    </Filter>
    <Filter Include="Object\Player">
      <UniqueIdentifier>{340e087e-8d7c-4c77-ad1e-1fed83b66f7c}</UniqueIdentifier>
    </Filter>
    <Filter Include="Scene\Play">
      <UniqueIdentifier>{dc4b70bf-0d72-424c-8b68-5cf50eab452b}</UniqueIdentifier>
    </Filter>
    <Filter Include="Component">
      <UniqueIdentifier>{b91d0599-e4ce-4983-988a-a466cdefbf31}</UniqueIdentifier>
    </Filter>
    <Filter Include="Object\ObjectManager">
      <UniqueIdentifier>{b7aa4b91-5e44-46f8-a45e-ff3715417b22}</UniqueIdentifier>
    </Filter>
    <Filter Include="Object\Map">
      <UniqueIdentifier>{51bee5ae-c668-432b-8830-3d321eb72673}</UniqueIdentifier>
    </Filter>
    <Filter Include="Component\Jump">
      <UniqueIdentifier>{a07bac33-06ca-4b30-a635-efe6fe745a9d}</UniqueIdentifier>
    </Filter>
    <Filter Include="Collision">
      <UniqueIdentifier>{843aef43-7aac-4e5b-ae94-255dab27a71c}</UniqueIdentifier>
    </Filter>
    <Filter Include="Collision\CollisionManager">
      <UniqueIdentifier>{f216b06f-b61a-4a03-b4c8-ad417a99c2f4}</UniqueIdentifier>
    </Filter>
    <Filter Include="Collision\MapCollision">
      <UniqueIdentifier>{d3e06334-f9b4-405f-b815-1b1f070dbb64}</UniqueIdentifier>
    </Filter>
    <Filter Include="Collision\RectCollision">
      <UniqueIdentifier>{c7a520d0-a381-4831-8c8b-478e71a0b5d4}</UniqueIdentifier>
    </Filter>
    <Filter Include="MyLib">
      <UniqueIdentifier>{70c14614-cddd-461e-a359-388ebd48bbd1}</UniqueIdentifier>
    </Filter>
    <Filter Include="MyLib\Math">
      <UniqueIdentifier>{bac0e66a-7ff7-4382-8c88-4ff6121a368e}</UniqueIdentifier>
    </Filter>
    <Filter Include="MyLib\Shape">
      <UniqueIdentifier>{b08e4002-d55d-4611-8bc8-b019457c83e9}</UniqueIdentifier>
    </Filter>
    <Filter Include="Data">
      <UniqueIdentifier>{1f2695c7-5316-4867-aab9-5def7d8f9f71}</UniqueIdentifier>
    </Filter>
    <Filter Include="MyLib\KeyStatus">
      <UniqueIdentifier>{f5894192-ced3-4426-940e-cf232df9419b}</UniqueIdentifier>
    </Filter>
    <Filter Include="Asset">
      <UniqueIdentifier>{7918a09f-162f-492e-9a37-b0e87d4052ef}</UniqueIdentifier>
    </Filter>
    <Filter Include="Asset\AssetBase">
      <UniqueIdentifier>{1c3ec2bc-a45c-4af4-a116-4fc74414cc1c}</UniqueIdentifier>
    </Filter>
    <Filter Include="Asset\AssetManager">
      <UniqueIdentifier>{75e91600-3d5d-4ca8-9344-b2cb6544a8e1}</UniqueIdentifier>
    </Filter>
    <Filter Include="Collision\CollisionBase">
      <UniqueIdentifier>{3b3497ba-8b45-40b4-a23d-9da1458eb971}</UniqueIdentifier>
    </Filter>
    <Filter Include="Asset\Graph">
      <UniqueIdentifier>{8c7481d5-13e3-4cf5-abff-cc5d35eaac7a}</UniqueIdentifier>
    </Filter>
    <Filter Include="Asset\DivisionGraph">
      <UniqueIdentifier>{6a82afe6-c496-48ed-863f-ecf81e4e6017}</UniqueIdentifier>
    </Filter>
    <Filter Include="Scene\Loading">
      <UniqueIdentifier>{0750360c-ae6c-4b7e-90de-93385a7f945f}</UniqueIdentifier>
    </Filter>
    <Filter Include="Component\ComponentBase">
      <UniqueIdentifier>{59fcacae-68d2-4256-ba5f-9923c2ab7f23}</UniqueIdentifier>
    </Filter>
    <Filter Include="Component\ComponentManager">
      <UniqueIdentifier>{44d41d83-db90-4f63-8b01-2d917aab1b88}</UniqueIdentifier>
    </Filter>
    <Filter Include="Collision\ChipBox">
      <UniqueIdentifier>{3af08452-caef-45c8-a4c2-af73a89c0834}</UniqueIdentifier>
    </Filter>
    <Filter Include="MyLib\FileIO">
      <UniqueIdentifier>{eddb39d9-0a36-4d53-bf02-6c186d9d9add}</UniqueIdentifier>
    </Filter>
    <Filter Include="MyLib\Loading">
      <UniqueIdentifier>{cc8dfca3-93e6-4be3-aeb0-7fa8a1cd1c5e}</UniqueIdentifier>
    </Filter>
  </ItemGroup>
  <ItemGroup>
    <ClCompile Include="..\code\main.cpp" />
    <ClCompile Include="..\code\Component\Jump\Jump.cpp">
      <Filter>Component\Jump</Filter>
    </ClCompile>
    <ClCompile Include="..\code\GameSystem\Execution\Execution.cpp">
      <Filter>GameSystem\Execution</Filter>
    </ClCompile>
    <ClCompile Include="..\code\GameSystem\FrameRate\FrameRate.cpp">
      <Filter>GameSystem\FrameRate</Filter>
    </ClCompile>
    <ClCompile Include="..\code\GameSystem\Library\Library.cpp">
      <Filter>GameSystem\Library</Filter>
    </ClCompile>
    <ClCompile Include="..\code\GameSystem\Window\Window.cpp">
      <Filter>GameSystem\Window</Filter>
    </ClCompile>
    <ClCompile Include="..\code\Object\GameObject\GameObject.cpp">
      <Filter>Object\GameObject</Filter>
    </ClCompile>
    <ClCompile Include="..\code\Object\Map\Map.cpp">
      <Filter>Object\Map</Filter>
    </ClCompile>
    <ClCompile Include="..\code\Object\ObjectManager\ObjectManager.cpp">
      <Filter>Object\ObjectManager</Filter>
    </ClCompile>
    <ClCompile Include="..\code\Object\Character\Player\Player.cpp">
      <Filter>Object\Player</Filter>
    </ClCompile>
    <ClCompile Include="..\code\Scene\Play\Play.cpp">
      <Filter>Scene\Play</Filter>
    </ClCompile>
    <ClCompile Include="..\code\Scene\SceneBase\SceneBase.cpp">
      <Filter>Scene\SceneBase</Filter>
    </ClCompile>
    <ClCompile Include="..\code\Scene\SceneManager\SceneManager.cpp">
      <Filter>Scene\SceneManager</Filter>
    </ClCompile>
    <ClCompile Include="..\code\Scene\Title\Title.cpp">
      <Filter>Scene\Title</Filter>
    </ClCompile>
    <ClCompile Include="..\include\MyLib\KeyStatus\KeyStatus.cpp">
      <Filter>MyLib\KeyStatus</Filter>
    </ClCompile>
    <ClCompile Include="..\code\Collision\CollisionManager\CollisionManager.cpp">
      <Filter>Collision\CollisionManager</Filter>
    </ClCompile>
    <ClCompile Include="..\code\Collision\MapCollision\MapCollision.cpp">
      <Filter>Collision\MapCollision</Filter>
    </ClCompile>
    <ClCompile Include="..\code\Collision\RectCollision\RectCollision.cpp">
      <Filter>Collision\RectCollision</Filter>
    </ClCompile>
    <ClCompile Include="..\code\Asset\Graph\Graph.cpp">
      <Filter>Asset\Graph</Filter>
    </ClCompile>
    <ClCompile Include="..\code\Asset\DivisionGraph\DivisionGraph.cpp">
      <Filter>Asset\DivisionGraph</Filter>
    </ClCompile>
    <ClCompile Include="..\include\MyLib\Loading\Loading.cpp">
      <Filter>MyLib\Loading</Filter>
    </ClCompile>
    <ClCompile Include="..\include\MyLib\FileIO\MemMapFile.cpp">
      <Filter>MyLib\FileIO</Filter>
    </ClCompile>
    <ClCompile Include="..\code\Scene\LoadingScene\LoadingScene.cpp">
      <Filter>Scene\Loading</Filter>
    </ClCompile>
    <ClCompile Include="..\code\Collision\CollisionBase\CollisionBase.cpp">
      <Filter>Collision\CollisionBase</Filter>
    </ClCompile>
    <ClCompile Include="..\code\Component\ComponentBase\ComponentBase.cpp">
      <Filter>Component\ComponentBase</Filter>
    </ClCompile>
    <ClCompile Include="..\code\Component\ComponentManager\ComponentManager.cpp">
      <Filter>Component\ComponentManager</Filter>
    </ClCompile>
    <ClCompile Include="..\code\Collision\TipBox\NomalBox\NomalBox.cpp">
      <Filter>Collision\ChipBox</Filter>
    </ClCompile>
  </ItemGroup>
  <ItemGroup>
    <ClInclude Include="..\code\Component\Jump\Jump.h">
      <Filter>Component\Jump</Filter>
    </ClInclude>
    <ClInclude Include="..\code\GameSystem\Execution\Execution.h">
      <Filter>GameSystem\Execution</Filter>
    </ClInclude>
    <ClInclude Include="..\code\GameSystem\FrameRate\FrameRate.h">
      <Filter>GameSystem\FrameRate</Filter>
    </ClInclude>
    <ClInclude Include="..\code\GameSystem\Library\Library.h">
      <Filter>GameSystem\Library</Filter>
    </ClInclude>
    <ClInclude Include="..\code\GameSystem\Window\Window.h">
      <Filter>GameSystem\Window</Filter>
    </ClInclude>
    <ClInclude Include="..\include\MyLib\Math\PropVector2.h">
      <Filter>MyLib\Math</Filter>
    </ClInclude>
    <ClInclude Include="..\include\MyLib\Math\Vector2.h">
      <Filter>MyLib\Math</Filter>
    </ClInclude>
    <ClInclude Include="..\include\MyLib\Shape\Rect.h">
      <Filter>MyLib\Shape</Filter>
    </ClInclude>
    <ClInclude Include="..\code\Object\GameObject\GameObject.h">
      <Filter>Object\GameObject</Filter>
    </ClInclude>
    <ClInclude Include="..\code\Object\GameObject\ObjectState.h">
      <Filter>Object\GameObject</Filter>
    </ClInclude>
    <ClInclude Include="..\code\Object\GameObject\ObjectTag.h">
      <Filter>Object\GameObject</Filter>
    </ClInclude>
    <ClInclude Include="..\code\Object\Map\Map.h">
      <Filter>Object\Map</Filter>
    </ClInclude>
    <ClInclude Include="..\code\Object\ObjectManager\ObjectManager.h">
      <Filter>Object\ObjectManager</Filter>
    </ClInclude>
    <ClInclude Include="..\code\Object\Character\Player\Player.h">
      <Filter>Object\Player</Filter>
    </ClInclude>
    <ClInclude Include="..\code\Scene\Play\Play.h">
      <Filter>Scene\Play</Filter>
    </ClInclude>
    <ClInclude Include="..\code\Scene\SceneBase\SceneBase.h">
      <Filter>Scene\SceneBase</Filter>
    </ClInclude>
    <ClInclude Include="..\code\Scene\SceneManager\SceneManager.h">
      <Filter>Scene\SceneManager</Filter>
    </ClInclude>
    <ClInclude Include="..\code\Scene\Title\Title.h">
      <Filter>Scene\Title</Filter>
    </ClInclude>
    <ClInclude Include="..\include\MyLib\KeyStatus\KeyStatus.h">
      <Filter>MyLib\KeyStatus</Filter>
    </ClInclude>
    <ClInclude Include="..\include\MyLib\KeyStatus\KeyTag.h">
      <Filter>MyLib\KeyStatus</Filter>
    </ClInclude>
    <ClInclude Include="..\code\Collision\CollisionManager\CollisionManager.h">
      <Filter>Collision\CollisionManager</Filter>
    </ClInclude>
    <ClInclude Include="..\code\Collision\MapCollision\MapCollision.h">
      <Filter>Collision\MapCollision</Filter>
    </ClInclude>
    <ClInclude Include="..\code\Collision\RectCollision\RectCollision.h">
      <Filter>Collision\RectCollision</Filter>
    </ClInclude>
    <ClInclude Include="..\code\Asset\AssetBase\AssetBase.h">
      <Filter>Asset\AssetBase</Filter>
    </ClInclude>
    <ClInclude Include="..\code\Asset\AssetManager\AssetManager.h">
      <Filter>Asset\AssetManager</Filter>
    </ClInclude>
    <ClInclude Include="..\code\Asset\Graph\Graph.h">
      <Filter>Asset\Graph</Filter>
    </ClInclude>
    <ClInclude Include="..\code\Asset\DivisionGraph\DivisionGraph.h">
      <Filter>Asset\DivisionGraph</Filter>
    </ClInclude>
    <ClInclude Include="..\include\MyLib\Loading\Loading.h">
      <Filter>MyLib\Loading</Filter>
    </ClInclude>
    <ClInclude Include="..\include\MyLib\Loading\LoadingContext.h">
      <Filter>MyLib\Loading</Filter>
    </ClInclude>
    <ClInclude Include="..\include\MyLib\FileIO\MemMapFile.h">
      <Filter>MyLib\FileIO</Filter>
    </ClInclude>
    <ClInclude Include="..\include\MyLib\FileIO\ExeFilePath.h">
      <Filter>MyLib\FileIO</Filter>
    </ClInclude>
    <ClInclude Include="..\code\Scene\LoadingScene\LoadingScene.h">
      <Filter>Scene\Loading</Filter>
    </ClInclude>
    <ClInclude Include="..\code\Collision\CollisionBase\CollisionBase.h">
      <Filter>Collision\CollisionBase</Filter>
    </ClInclude>
    <ClInclude Include="..\code\Component\ComponentBase\ComponentBase.h">
      <Filter>Component\ComponentBase</Filter>
    </ClInclude>
    <ClInclude Include="..\code\Component\ComponentManager\ComponentManager.h">
      <Filter>Component\ComponentManager</Filter>
    </ClInclude>
    <ClInclude Include="..\code\Collision\TipBox\NomalBox\NomalBox.h">
      <Filter>Collision\ChipBox</Filter>
    </ClInclude>
    <ClInclude Include="..\include\MyLib\Coroutine.h">
      <Filter>MyLib</Filter>
    </ClInclude>
  </ItemGroup>
  <ItemGroup>
    <None Include="..\data\MapTip.csv">
      <Filter>Data</Filter>
    </None>
    <None Include="..\data\MapData.json">
      <Filter>Data</Filter>
    </None>
    <None Include="..\data\test.json">
      <Filter>Data</Filter>
    </None>
  </ItemGroup>
</Project>